// !$*UTF8*$!
{
	archiveVersion = 1;
	classes = {
	};
	objectVersion = 56;
	objects = {

/* Begin PBXBuildFile section */
		0A6A889A2AD22992001E3E27 /* BeActiv.entitlements.xml in Resources */ = {isa = PBXBuildFile; fileRef = 0A6A88992AD22991001E3E27 /* BeActiv.entitlements.xml */; };
		3245E9832A4C88620034A73B /* ChartsView.swift in Sources */ = {isa = PBXBuildFile; fileRef = 3245E9822A4C88620034A73B /* ChartsView.swift */; };
		32959FEC2A45CC21008142DB /* BeActivApp.swift in Sources */ = {isa = PBXBuildFile; fileRef = 32959FEB2A45CC21008142DB /* BeActivApp.swift */; };
		32959FEE2A45CC21008142DB /* ContentView.swift in Sources */ = {isa = PBXBuildFile; fileRef = 32959FED2A45CC21008142DB /* ContentView.swift */; };
		32959FF02A45CC23008142DB /* Assets.xcassets in Resources */ = {isa = PBXBuildFile; fileRef = 32959FEF2A45CC23008142DB /* Assets.xcassets */; };
		32959FF32A45CC23008142DB /* Preview Assets.xcassets in Resources */ = {isa = PBXBuildFile; fileRef = 32959FF22A45CC23008142DB /* Preview Assets.xcassets */; };
		32959FFA2A45CC85008142DB /* BeActivTabView.swift in Sources */ = {isa = PBXBuildFile; fileRef = 32959FF92A45CC85008142DB /* BeActivTabView.swift */; };
		32959FFC2A45CCF6008142DB /* HomeView.swift in Sources */ = {isa = PBXBuildFile; fileRef = 32959FFB2A45CCF6008142DB /* HomeView.swift */; };
		32959FFE2A45CD3C008142DB /* ActivityCard.swift in Sources */ = {isa = PBXBuildFile; fileRef = 32959FFD2A45CD3C008142DB /* ActivityCard.swift */; };
		3295A0002A45D1E6008142DB /* HealthManager.swift in Sources */ = {isa = PBXBuildFile; fileRef = 32959FFF2A45D1E6008142DB /* HealthManager.swift */; };
/* End PBXBuildFile section */

/* Begin PBXFileReference section */
		0A6A88992AD22991001E3E27 /* BeActiv.entitlements.xml */ = {isa = PBXFileReference; fileEncoding = 4; lastKnownFileType = text.xml; path = BeActiv.entitlements.xml; sourceTree = "<group>"; };
		3245E9822A4C88620034A73B /* ChartsView.swift */ = {isa = PBXFileReference; lastKnownFileType = sourcecode.swift; path = ChartsView.swift; sourceTree = "<group>"; };
		32959FE82A45CC21008142DB /* BeActiv.app */ = {isa = PBXFileReference; explicitFileType = wrapper.application; includeInIndex = 0; path = BeActiv.app; sourceTree = BUILT_PRODUCTS_DIR; };
		32959FEB2A45CC21008142DB /* BeActivApp.swift */ = {isa = PBXFileReference; lastKnownFileType = sourcecode.swift; path = BeActivApp.swift; sourceTree = "<group>"; };
		32959FED2A45CC21008142DB /* ContentView.swift */ = {isa = PBXFileReference; lastKnownFileType = sourcecode.swift; path = ContentView.swift; sourceTree = "<group>"; };
		32959FEF2A45CC23008142DB /* Assets.xcassets */ = {isa = PBXFileReference; lastKnownFileType = folder.assetcatalog; path = Assets.xcassets; sourceTree = "<group>"; };
		32959FF22A45CC23008142DB /* Preview Assets.xcassets */ = {isa = PBXFileReference; lastKnownFileType = folder.assetcatalog; path = "Preview Assets.xcassets"; sourceTree = "<group>"; };
		32959FF92A45CC85008142DB /* BeActivTabView.swift */ = {isa = PBXFileReference; lastKnownFileType = sourcecode.swift; path = BeActivTabView.swift; sourceTree = "<group>"; };
		32959FFB2A45CCF6008142DB /* HomeView.swift */ = {isa = PBXFileReference; lastKnownFileType = sourcecode.swift; path = HomeView.swift; sourceTree = "<group>"; };
		32959FFD2A45CD3C008142DB /* ActivityCard.swift */ = {isa = PBXFileReference; lastKnownFileType = sourcecode.swift; path = ActivityCard.swift; sourceTree = "<group>"; };
		32959FFF2A45D1E6008142DB /* HealthManager.swift */ = {isa = PBXFileReference; lastKnownFileType = sourcecode.swift; path = HealthManager.swift; sourceTree = "<group>"; };
		3295A0012A45D3C2008142DB /* BeActiv.entitlements */ = {isa = PBXFileReference; lastKnownFileType = text.plist.entitlements; path = BeActiv.entitlements; sourceTree = "<group>"; };
/* End PBXFileReference section */

/* Begin PBXFrameworksBuildPhase section */
		32959FE52A45CC21008142DB /* Frameworks */ = {
			isa = PBXFrameworksBuildPhase;
			buildActionMask = 2147483647;
			files = (
			);
			runOnlyForDeploymentPostprocessing = 0;
		};
/* End PBXFrameworksBuildPhase section */

/* Begin PBXGroup section */
		32959FDF2A45CC21008142DB = {
			isa = PBXGroup;
			children = (
				32959FEA2A45CC21008142DB /* BeActiv */,
				32959FE92A45CC21008142DB /* Products */,
			);
			sourceTree = "<group>";
		};
		32959FE92A45CC21008142DB /* Products */ = {
			isa = PBXGroup;
			children = (
				32959FE82A45CC21008142DB /* BeActiv.app */,
			);
			name = Products;
			sourceTree = "<group>";
		};
		32959FEA2A45CC21008142DB /* BeActiv */ = {
			isa = PBXGroup;
			children = (
				3295A0012A45D3C2008142DB /* BeActiv.entitlements */,
				32959FEB2A45CC21008142DB /* BeActivApp.swift */,
				32959FED2A45CC21008142DB /* ContentView.swift */,
				32959FEF2A45CC23008142DB /* Assets.xcassets */,
				32959FF12A45CC23008142DB /* Preview Content */,
				32959FF92A45CC85008142DB /* BeActivTabView.swift */,
				32959FFB2A45CCF6008142DB /* HomeView.swift */,
				32959FFD2A45CD3C008142DB /* ActivityCard.swift */,
				32959FFF2A45D1E6008142DB /* HealthManager.swift */,
				3245E9822A4C88620034A73B /* ChartsView.swift */,
				0A6A88992AD22991001E3E27 /* BeActiv.entitlements.xml */,
			);
			path = BeActiv;
			sourceTree = "<group>";
		};
		32959FF12A45CC23008142DB /* Preview Content */ = {
			isa = PBXGroup;
			children = (
				32959FF22A45CC23008142DB /* Preview Assets.xcassets */,
			);
			path = "Preview Content";
			sourceTree = "<group>";
		};
/* End PBXGroup section */

/* Begin PBXNativeTarget section */
		32959FE72A45CC21008142DB /* BeActiv */ = {
			isa = PBXNativeTarget;
			buildConfigurationList = 32959FF62A45CC23008142DB /* Build configuration list for PBXNativeTarget "BeActiv" */;
			buildPhases = (
				32959FE42A45CC21008142DB /* Sources */,
				32959FE52A45CC21008142DB /* Frameworks */,
				32959FE62A45CC21008142DB /* Resources */,
			);
			buildRules = (
			);
			dependencies = (
			);
			name = BeActiv;
			productName = BeActiv;
			productReference = 32959FE82A45CC21008142DB /* BeActiv.app */;
			productType = "com.apple.product-type.application";
		};
/* End PBXNativeTarget section */

/* Begin PBXProject section */
		32959FE02A45CC21008142DB /* Project object */ = {
			isa = PBXProject;
			attributes = {
				BuildIndependentTargetsInParallel = 1;
				LastSwiftUpdateCheck = 1430;
				LastUpgradeCheck = 1430;
				TargetAttributes = {
					32959FE72A45CC21008142DB = {
						CreatedOnToolsVersion = 14.3;
					};
				};
			};
			buildConfigurationList = 32959FE32A45CC21008142DB /* Build configuration list for PBXProject "BeActiv" */;
			compatibilityVersion = "Xcode 14.0";
			developmentRegion = en;
			hasScannedForEncodings = 0;
			knownRegions = (
				en,
				Base,
			);
			mainGroup = 32959FDF2A45CC21008142DB;
			productRefGroup = 32959FE92A45CC21008142DB /* Products */;
			projectDirPath = "";
			projectRoot = "";
			targets = (
				32959FE72A45CC21008142DB /* BeActiv */,
			);
		};
/* End PBXProject section */

/* Begin PBXResourcesBuildPhase section */
		32959FE62A45CC21008142DB /* Resources */ = {
			isa = PBXResourcesBuildPhase;
			buildActionMask = 2147483647;
			files = (
				32959FF32A45CC23008142DB /* Preview Assets.xcassets in Resources */,
				0A6A889A2AD22992001E3E27 /* BeActiv.entitlements.xml in Resources */,
				32959FF02A45CC23008142DB /* Assets.xcassets in Resources */,
			);
			runOnlyForDeploymentPostprocessing = 0;
		};
/* End PBXResourcesBuildPhase section */

/* Begin PBXSourcesBuildPhase section */
		32959FE42A45CC21008142DB /* Sources */ = {
			isa = PBXSourcesBuildPhase;
			buildActionMask = 2147483647;
			files = (
				3245E9832A4C88620034A73B /* ChartsView.swift in Sources */,
				32959FEE2A45CC21008142DB /* ContentView.swift in Sources */,
				3295A0002A45D1E6008142DB /* HealthManager.swift in Sources */,
				32959FFC2A45CCF6008142DB /* HomeView.swift in Sources */,
				32959FFA2A45CC85008142DB /* BeActivTabView.swift in Sources */,
				32959FEC2A45CC21008142DB /* BeActivApp.swift in Sources */,
				32959FFE2A45CD3C008142DB /* ActivityCard.swift in Sources */,
			);
			runOnlyForDeploymentPostprocessing = 0;
		};
/* End PBXSourcesBuildPhase section */

/* Begin XCBuildConfiguration section */
		32959FF42A45CC23008142DB /* Debug */ = {
			isa = XCBuildConfiguration;
			buildSettings = {
				ALWAYS_SEARCH_USER_PATHS = NO;
				CLANG_ANALYZER_NONNULL = YES;
				CLANG_ANALYZER_NUMBER_OBJECT_CONVERSION = YES_AGGRESSIVE;
				CLANG_CXX_LANGUAGE_STANDARD = "gnu++20";
				CLANG_ENABLE_MODULES = YES;
				CLANG_ENABLE_OBJC_ARC = YES;
				CLANG_ENABLE_OBJC_WEAK = YES;
				CLANG_WARN_BLOCK_CAPTURE_AUTORELEASING = YES;
				CLANG_WARN_BOOL_CONVERSION = YES;
				CLANG_WARN_COMMA = YES;
				CLANG_WARN_CONSTANT_CONVERSION = YES;
				CLANG_WARN_DEPRECATED_OBJC_IMPLEMENTATIONS = YES;
				CLANG_WARN_DIRECT_OBJC_ISA_USAGE = YES_ERROR;
				CLANG_WARN_DOCUMENTATION_COMMENTS = YES;
				CLANG_WARN_EMPTY_BODY = YES;
				CLANG_WARN_ENUM_CONVERSION = YES;
				CLANG_WARN_INFINITE_RECURSION = YES;
				CLANG_WARN_INT_CONVERSION = YES;
				CLANG_WARN_NON_LITERAL_NULL_CONVERSION = YES;
				CLANG_WARN_OBJC_IMPLICIT_RETAIN_SELF = YES;
				CLANG_WARN_OBJC_LITERAL_CONVERSION = YES;
				CLANG_WARN_OBJC_ROOT_CLASS = YES_ERROR;
				CLANG_WARN_QUOTED_INCLUDE_IN_FRAMEWORK_HEADER = YES;
				CLANG_WARN_RANGE_LOOP_ANALYSIS = YES;
				CLANG_WARN_STRICT_PROTOTYPES = YES;
				CLANG_WARN_SUSPICIOUS_MOVE = YES;
				CLANG_WARN_UNGUARDED_AVAILABILITY = YES_AGGRESSIVE;
				CLANG_WARN_UNREACHABLE_CODE = YES;
				CLANG_WARN__DUPLICATE_METHOD_MATCH = YES;
				CODE_SIGN_ENTITLEMENTS = BeActiv/BeActiv.entitlements.xml;
				COPY_PHASE_STRIP = NO;
				DEBUG_INFORMATION_FORMAT = dwarf;
				ENABLE_STRICT_OBJC_MSGSEND = YES;
				ENABLE_TESTABILITY = YES;
				GCC_C_LANGUAGE_STANDARD = gnu11;
				GCC_DYNAMIC_NO_PIC = NO;
				GCC_NO_COMMON_BLOCKS = YES;
				GCC_OPTIMIZATION_LEVEL = 0;
				GCC_PREPROCESSOR_DEFINITIONS = (
					"DEBUG=1",
					"$(inherited)",
				);
				GCC_WARN_64_TO_32_BIT_CONVERSION = YES;
				GCC_WARN_ABOUT_RETURN_TYPE = YES_ERROR;
				GCC_WARN_UNDECLARED_SELECTOR = YES;
				GCC_WARN_UNINITIALIZED_AUTOS = YES_AGGRESSIVE;
				GCC_WARN_UNUSED_FUNCTION = YES;
				GCC_WARN_UNUSED_VARIABLE = YES;
				IPHONEOS_DEPLOYMENT_TARGET = 17.0;
				MTL_ENABLE_DEBUG_INFO = INCLUDE_SOURCE;
				MTL_FAST_MATH = YES;
				ONLY_ACTIVE_ARCH = YES;
				SDKROOT = iphoneos;
				SWIFT_ACTIVE_COMPILATION_CONDITIONS = DEBUG;
				SWIFT_OPTIMIZATION_LEVEL = "-Onone";
			};
			name = Debug;
		};
		32959FF52A45CC23008142DB /* Release */ = {
			isa = XCBuildConfiguration;
			buildSettings = {
				ALWAYS_SEARCH_USER_PATHS = NO;
				CLANG_ANALYZER_NONNULL = YES;
				CLANG_ANALYZER_NUMBER_OBJECT_CONVERSION = YES_AGGRESSIVE;
				CLANG_CXX_LANGUAGE_STANDARD = "gnu++20";
				CLANG_ENABLE_MODULES = YES;
				CLANG_ENABLE_OBJC_ARC = YES;
				CLANG_ENABLE_OBJC_WEAK = YES;
				CLANG_WARN_BLOCK_CAPTURE_AUTORELEASING = YES;
				CLANG_WARN_BOOL_CONVERSION = YES;
				CLANG_WARN_COMMA = YES;
				CLANG_WARN_CONSTANT_CONVERSION = YES;
				CLANG_WARN_DEPRECATED_OBJC_IMPLEMENTATIONS = YES;
				CLANG_WARN_DIRECT_OBJC_ISA_USAGE = YES_ERROR;
				CLANG_WARN_DOCUMENTATION_COMMENTS = YES;
				CLANG_WARN_EMPTY_BODY = YES;
				CLANG_WARN_ENUM_CONVERSION = YES;
				CLANG_WARN_INFINITE_RECURSION = YES;
				CLANG_WARN_INT_CONVERSION = YES;
				CLANG_WARN_NON_LITERAL_NULL_CONVERSION = YES;
				CLANG_WARN_OBJC_IMPLICIT_RETAIN_SELF = YES;
				CLANG_WARN_OBJC_LITERAL_CONVERSION = YES;
				CLANG_WARN_OBJC_ROOT_CLASS = YES_ERROR;
				CLANG_WARN_QUOTED_INCLUDE_IN_FRAMEWORK_HEADER = YES;
				CLANG_WARN_RANGE_LOOP_ANALYSIS = YES;
				CLANG_WARN_STRICT_PROTOTYPES = YES;
				CLANG_WARN_SUSPICIOUS_MOVE = YES;
				CLANG_WARN_UNGUARDED_AVAILABILITY = YES_AGGRESSIVE;
				CLANG_WARN_UNREACHABLE_CODE = YES;
				CLANG_WARN__DUPLICATE_METHOD_MATCH = YES;
				CODE_SIGN_ENTITLEMENTS = BeActiv/BeActiv.entitlements.xml;
				COPY_PHASE_STRIP = NO;
				DEBUG_INFORMATION_FORMAT = "dwarf-with-dsym";
				ENABLE_NS_ASSERTIONS = NO;
				ENABLE_STRICT_OBJC_MSGSEND = YES;
				GCC_C_LANGUAGE_STANDARD = gnu11;
				GCC_NO_COMMON_BLOCKS = YES;
				GCC_WARN_64_TO_32_BIT_CONVERSION = YES;
				GCC_WARN_ABOUT_RETURN_TYPE = YES_ERROR;
				GCC_WARN_UNDECLARED_SELECTOR = YES;
				GCC_WARN_UNINITIALIZED_AUTOS = YES_AGGRESSIVE;
				GCC_WARN_UNUSED_FUNCTION = YES;
				GCC_WARN_UNUSED_VARIABLE = YES;
				IPHONEOS_DEPLOYMENT_TARGET = 17.0;
				MTL_ENABLE_DEBUG_INFO = NO;
				MTL_FAST_MATH = YES;
				SDKROOT = iphoneos;
				SWIFT_COMPILATION_MODE = wholemodule;
				SWIFT_OPTIMIZATION_LEVEL = "-O";
				VALIDATE_PRODUCT = YES;
			};
			name = Release;
		};
		32959FF72A45CC23008142DB /* Debug */ = {
			isa = XCBuildConfiguration;
			buildSettings = {
				ASSETCATALOG_COMPILER_APPICON_NAME = AppIcon;
				ASSETCATALOG_COMPILER_GLOBAL_ACCENT_COLOR_NAME = AccentColor;
				CODE_SIGN_ENTITLEMENTS = BeActiv/BeActiv.entitlements.xml;
				CODE_SIGN_IDENTITY = "Apple Development";
				CODE_SIGN_STYLE = Automatic;
				CURRENT_PROJECT_VERSION = 1;
				DEVELOPMENT_ASSET_PATHS = "\"BeActiv/Preview Content\"";
				DEVELOPMENT_TEAM = J3LXP565YA;
				ENABLE_PREVIEWS = YES;
				GENERATE_INFOPLIST_FILE = YES;
				INFOPLIST_KEY_NSHealthShareUsageDescription = "Please allow access to enjoy all the features of our application";
				INFOPLIST_KEY_UIApplicationSceneManifest_Generation = YES;
				INFOPLIST_KEY_UIApplicationSupportsIndirectInputEvents = YES;
				INFOPLIST_KEY_UILaunchScreen_Generation = YES;
				INFOPLIST_KEY_UISupportedInterfaceOrientations_iPad = "UIInterfaceOrientationPortrait UIInterfaceOrientationPortraitUpsideDown UIInterfaceOrientationLandscapeLeft UIInterfaceOrientationLandscapeRight";
				INFOPLIST_KEY_UISupportedInterfaceOrientations_iPhone = "UIInterfaceOrientationPortrait UIInterfaceOrientationLandscapeLeft UIInterfaceOrientationLandscapeRight";
				LD_RUNPATH_SEARCH_PATHS = (
					"$(inherited)",
					"@executable_path/Frameworks",
				);
				MARKETING_VERSION = 1.0;
				PRODUCT_BUNDLE_IDENTIFIER = com.kevinmking;
				PRODUCT_NAME = "$(TARGET_NAME)";
				SWIFT_EMIT_LOC_STRINGS = YES;
				SWIFT_VERSION = 5.0;
				TARGETED_DEVICE_FAMILY = "1,2";
			};
			name = Debug;
		};
		32959FF82A45CC23008142DB /* Release */ = {
			isa = XCBuildConfiguration;
			buildSettings = {
				ASSETCATALOG_COMPILER_APPICON_NAME = AppIcon;
				ASSETCATALOG_COMPILER_GLOBAL_ACCENT_COLOR_NAME = AccentColor;
				CODE_SIGN_ENTITLEMENTS = BeActiv/BeActiv.entitlements.xml;
				CODE_SIGN_IDENTITY = "Apple Development";
				CODE_SIGN_STYLE = Automatic;
				CURRENT_PROJECT_VERSION = 1;
				DEVELOPMENT_ASSET_PATHS = "\"BeActiv/Preview Content\"";
				DEVELOPMENT_TEAM = J3LXP565YA;
				ENABLE_PREVIEWS = YES;
				GENERATE_INFOPLIST_FILE = YES;
				INFOPLIST_KEY_NSHealthShareUsageDescription = "Please allow access to enjoy all the features of our application";
				INFOPLIST_KEY_UIApplicationSceneManifest_Generation = YES;
				INFOPLIST_KEY_UIApplicationSupportsIndirectInputEvents = YES;
				INFOPLIST_KEY_UILaunchScreen_Generation = YES;
				INFOPLIST_KEY_UISupportedInterfaceOrientations_iPad = "UIInterfaceOrientationPortrait UIInterfaceOrientationPortraitUpsideDown UIInterfaceOrientationLandscapeLeft UIInterfaceOrientationLandscapeRight";
				INFOPLIST_KEY_UISupportedInterfaceOrientations_iPhone = "UIInterfaceOrientationPortrait UIInterfaceOrientationLandscapeLeft UIInterfaceOrientationLandscapeRight";
				LD_RUNPATH_SEARCH_PATHS = (
					"$(inherited)",
					"@executable_path/Frameworks",
				);
				MARKETING_VERSION = 1.0;
				PRODUCT_BUNDLE_IDENTIFIER = com.kevinmking;
				PRODUCT_NAME = "$(TARGET_NAME)";
				SWIFT_EMIT_LOC_STRINGS = YES;
				SWIFT_VERSION = 5.0;
				TARGETED_DEVICE_FAMILY = "1,2";
			};
			name = Release;
		};
/* End XCBuildConfiguration section */

/* Begin XCConfigurationList section */
		32959FE32A45CC21008142DB /* Build configuration list for PBXProject "BeActiv" */ = {
			isa = XCConfigurationList;
			buildConfigurations = (
				32959FF42A45CC23008142DB /* Debug */,
				32959FF52A45CC23008142DB /* Release */,
			);
			defaultConfigurationIsVisible = 0;
			defaultConfigurationName = Release;
		};
		32959FF62A45CC23008142DB /* Build configuration list for PBXNativeTarget "BeActiv" */ = {
			isa = XCConfigurationList;
			buildConfigurations = (
				32959FF72A45CC23008142DB /* Debug */,
				32959FF82A45CC23008142DB /* Release */,
			);
			defaultConfigurationIsVisible = 0;
			defaultConfigurationName = Release;
		};
/* End XCConfigurationList section */
	};
	rootObject = 32959FE02A45CC21008142DB /* Project object */;
}
